
Microsoft Visual Studio Solution File, Format Version 12.00
# Visual Studio Version 16
VisualStudioVersion = 16.0.30114.105
MinimumVisualStudioVersion = 10.0.40219.1
Project("{FAE04EC0-301F-11D3-BF4B-00C04F79EFBC}") = "mywebapp", "mywebapp\mywebapp.csproj", "{CC465527-E2C5-4157-9C25-393E7430187A}"
EndProject
Project("{FAE04EC0-301F-11D3-BF4B-00C04F79EFBC}") = "tests", "tests\tests.csproj", "{3DA9D7E7-C0EB-44EC-9CE5-CA399FFF1E0E}"
EndProject
Global
	GlobalSection(SolutionConfigurationPlatforms) = preSolution
		Debug|Any CPU = Debug|Any CPU
		Release|Any CPU = Release|Any CPU
	EndGlobalSection
	GlobalSection(SolutionProperties) = preSolution
		HideSolutionNode = FALSE
	EndGlobalSection
	GlobalSection(ProjectConfigurationPlatforms) = postSolution
		{CC465527-E2C5-4157-9C25-393E7430187A}.Debug|Any CPU.ActiveCfg = Debug|Any CPU
		{CC465527-E2C5-4157-9C25-393E7430187A}.Debug|Any CPU.Build.0 = Debug|Any CPU
		{CC465527-E2C5-4157-9C25-393E7430187A}.Release|Any CPU.ActiveCfg = Release|Any CPU
		{CC465527-E2C5-4157-9C25-393E7430187A}.Release|Any CPU.Build.0 = Release|Any CPU
		{3DA9D7E7-C0EB-44EC-9CE5-CA399FFF1E0E}.Debug|Any CPU.ActiveCfg = Debug|Any CPU
		{3DA9D7E7-C0EB-44EC-9CE5-CA399FFF1E0E}.Debug|Any CPU.Build.0 = Debug|Any CPU
		{3DA9D7E7-C0EB-44EC-9CE5-CA399FFF1E0E}.Release|Any CPU.ActiveCfg = Release|Any CPU
		{3DA9D7E7-C0EB-44EC-9CE5-CA399FFF1E0E}.Release|Any CPU.Build.0 = Release|Any CPU
	EndGlobalSection
EndGlobal
